
Microsoft Visual Studio Solution File, Format Version 12.00
# Visual Studio Version 17
VisualStudioVersion = 17.14.36511.14 d17.14
MinimumVisualStudioVersion = 10.0.40219.1
Project("{FAE04EC0-301F-11D3-BF4B-00C04F79EFBC}") = "SecondaryConsumerSvc", "SecondaryConsumerSvc.csproj", "{658F2D55-DEC6-49DF-A91F-0601E997FF06}"
EndProject
Global
	GlobalSection(SolutionConfigurationPlatforms) = preSolution
		Debug|Any CPU = Debug|Any CPU
		Release|Any CPU = Release|Any CPU
	EndGlobalSection
	GlobalSection(ProjectConfigurationPlatforms) = postSolution
		{658F2D55-DEC6-49DF-A91F-0601E997FF06}.Debug|Any CPU.ActiveCfg = Debug|Any CPU
		{658F2D55-DEC6-49DF-A91F-0601E997FF06}.Debug|Any CPU.Build.0 = Debug|Any CPU
		{658F2D55-DEC6-49DF-A91F-0601E997FF06}.Release|Any CPU.ActiveCfg = Release|Any CPU
		{658F2D55-DEC6-49DF-A91F-0601E997FF06}.Release|Any CPU.Build.0 = Release|Any CPU
	EndGlobalSection
	GlobalSection(SolutionProperties) = preSolution
		HideSolutionNode = FALSE
	EndGlobalSection
	GlobalSection(ExtensibilityGlobals) = postSolution
		SolutionGuid = {19763EAE-E762-4C26-A2FD-10194D6AF364}
	EndGlobalSection
EndGlobal
